
Microsoft Visual Studio Solution File, Format Version 12.00
# Visual Studio Version 17
VisualStudioVersion = 17.4.33122.133
MinimumVisualStudioVersion = 10.0.40219.1
Project("{FAE04EC0-301F-11D3-BF4B-00C04F79EFBC}") = "TestWithVisualStudio", "TestWithVisualStudio\TestWithVisualStudio.csproj", "{EDAA77E9-E1A0-461F-8B5C-A45B9C42C996}"
EndProject
Global
	GlobalSection(SolutionConfigurationPlatforms) = preSolution
		Debug|Any CPU = Debug|Any CPU
		Release|Any CPU = Release|Any CPU
	EndGlobalSection
	GlobalSection(ProjectConfigurationPlatforms) = postSolution
		{EDAA77E9-E1A0-461F-8B5C-A45B9C42C996}.Debug|Any CPU.ActiveCfg = Debug|Any CPU
		{EDAA77E9-E1A0-461F-8B5C-A45B9C42C996}.Debug|Any CPU.Build.0 = Debug|Any CPU
		{EDAA77E9-E1A0-461F-8B5C-A45B9C42C996}.Release|Any CPU.ActiveCfg = Release|Any CPU
		{EDAA77E9-E1A0-461F-8B5C-A45B9C42C996}.Release|Any CPU.Build.0 = Release|Any CPU
	EndGlobalSection
	GlobalSection(SolutionProperties) = preSolution
		HideSolutionNode = FALSE
	EndGlobalSection
	GlobalSection(ExtensibilityGlobals) = postSolution
		SolutionGuid = {0FA5EFCC-7FE1-419A-BE3A-E22E8232D93B}
	EndGlobalSection
EndGlobal
